
Microsoft Visual Studio Solution File, Format Version 12.00
# Visual Studio Version 17
VisualStudioVersion = 17.14.36121.58
MinimumVisualStudioVersion = 10.0.40219.1
Project("{FAE04EC0-301F-11D3-BF4B-00C04F79EFBC}") = "MotorDecisao.API", "MotorDecisao.API\MotorDecisao.API.csproj", "{FD792493-0F82-471A-ACE8-AC1D6D06B06A}"
EndProject
Project("{FAE04EC0-301F-11D3-BF4B-00C04F79EFBC}") = "ProcessarProposta", "ProcessarProposta\ProcessarProposta.csproj", "{AEA2D6E7-03F5-F99C-CEE0-0B1E18FB08C2}"
EndProject
Global
	GlobalSection(SolutionConfigurationPlatforms) = preSolution
		Debug|Any CPU = Debug|Any CPU
		Release|Any CPU = Release|Any CPU
	EndGlobalSection
	GlobalSection(ProjectConfigurationPlatforms) = postSolution
		{FD792493-0F82-471A-ACE8-AC1D6D06B06A}.Debug|Any CPU.ActiveCfg = Debug|Any CPU
		{FD792493-0F82-471A-ACE8-AC1D6D06B06A}.Debug|Any CPU.Build.0 = Debug|Any CPU
		{FD792493-0F82-471A-ACE8-AC1D6D06B06A}.Release|Any CPU.ActiveCfg = Release|Any CPU
		{FD792493-0F82-471A-ACE8-AC1D6D06B06A}.Release|Any CPU.Build.0 = Release|Any CPU
		{AEA2D6E7-03F5-F99C-CEE0-0B1E18FB08C2}.Debug|Any CPU.ActiveCfg = Debug|Any CPU
		{AEA2D6E7-03F5-F99C-CEE0-0B1E18FB08C2}.Debug|Any CPU.Build.0 = Debug|Any CPU
		{AEA2D6E7-03F5-F99C-CEE0-0B1E18FB08C2}.Release|Any CPU.ActiveCfg = Release|Any CPU
		{AEA2D6E7-03F5-F99C-CEE0-0B1E18FB08C2}.Release|Any CPU.Build.0 = Release|Any CPU
	EndGlobalSection
	GlobalSection(SolutionProperties) = preSolution
		HideSolutionNode = FALSE
	EndGlobalSection
	GlobalSection(ExtensibilityGlobals) = postSolution
		SolutionGuid = {6325DDFE-3423-4569-9A16-06535B1B739B}
	EndGlobalSection
EndGlobal
